
Microsoft Visual Studio Solution File, Format Version 12.00
Project("{2150E333-8FDC-42A3-9474-1A3956D46DE8}") = "APIs", "APIs", "{B74415FF-6A9E-405A-A856-F0C45CE7B17C}"
EndProject
Project("{2150E333-8FDC-42A3-9474-1A3956D46DE8}") = "Architecture", "Architecture", "{F266EFB6-E379-45DD-97E8-6E3EDF5319BD}"
EndProject
Project("{2150E333-8FDC-42A3-9474-1A3956D46DE8}") = "UI", "UI", "{70F804AD-CDCC-4B94-A97D-3F676EE93F29}"
EndProject
Project("{2150E333-8FDC-42A3-9474-1A3956D46DE8}") = "Student", "Student", "{7CFA2A43-9FC1-4D8F-9B90-F2936967A518}"
EndProject
Project("{2150E333-8FDC-42A3-9474-1A3956D46DE8}") = "Teacher", "Teacher", "{B3CC2FB1-5514-44E7-A196-DC0444DC6D35}"
EndProject
Project("{2150E333-8FDC-42A3-9474-1A3956D46DE8}") = "Parent", "Parent", "{B8BFDC9D-6B33-4362-80C0-67ABEFEF2B5E}"
EndProject
Project("{2150E333-8FDC-42A3-9474-1A3956D46DE8}") = "Course", "Course", "{97AF1340-FE46-4E8F-91CE-2232CB1A6F05}"
EndProject
Project("{2150E333-8FDC-42A3-9474-1A3956D46DE8}") = "Payroll", "Payroll", "{5A4EBF55-206F-4BD8-B5E8-62A3DEA5DE77}"
EndProject
Project("{2150E333-8FDC-42A3-9474-1A3956D46DE8}") = "Finance", "Finance", "{875F19CB-AF41-4057-8D28-2632AFF75ECD}"
EndProject
Project("{2150E333-8FDC-42A3-9474-1A3956D46DE8}") = "Admin", "Admin", "{D394132E-CA05-4A41-BB93-553ED28FE830}"
EndProject
Project("{2150E333-8FDC-42A3-9474-1A3956D46DE8}") = "Class", "Class", "{EB6215A6-66AB-46F8-9D64-BF0EFB9623A7}"
EndProject
Project("{2150E333-8FDC-42A3-9474-1A3956D46DE8}") = "Agenda", "Agenda", "{2E5B0535-B535-4376-8241-4F5F4952C92E}"
EndProject
Project("{FAE04EC0-301F-11D3-BF4B-00C04F79EFBC}") = "Student.API", "APIs\Student\Student.API\Student.API.csproj", "{73791014-91FE-4026-B3B0-A19D0C41FFD1}"
EndProject
Project("{FAE04EC0-301F-11D3-BF4B-00C04F79EFBC}") = "Student.Applicaition", "APIs\Student\Student.Applicaition\Student.Applicaition.csproj", "{3A44F70D-B240-42CD-8457-F1126EDFF5A9}"
EndProject
Project("{2150E333-8FDC-42A3-9474-1A3956D46DE8}") = "Payment", "Payment", "{C96A590F-95E4-4321-BDDF-68AED519086F}"
EndProject
Project("{FAE04EC0-301F-11D3-BF4B-00C04F79EFBC}") = "Teacher.Application", "APIs\Teacher\Teacher.Application\Teacher.Application.csproj", "{84E0D3C1-20E5-413F-BDD7-E929681F633C}"
EndProject
Project("{FAE04EC0-301F-11D3-BF4B-00C04F79EFBC}") = "Teacher.API", "APIs\Teacher\Teacher.API\Teacher.API.csproj", "{6C731FAF-0960-4670-B99A-8545EF78F1CD}"
EndProject
Project("{FAE04EC0-301F-11D3-BF4B-00C04F79EFBC}") = "Admin.API", "APIs\Admin\Admin.API\Admin.API.csproj", "{9FDC32D1-52D6-4F28-A99B-66F5A7D23499}"
EndProject
Project("{FAE04EC0-301F-11D3-BF4B-00C04F79EFBC}") = "Admin.Application", "APIs\Admin\Admin.Application\Admin.Application.csproj", "{8A14D95E-49C4-4716-99A4-F3041FA17540}"
EndProject
Project("{FAE04EC0-301F-11D3-BF4B-00C04F79EFBC}") = "Gateway", "Architecture\Gateway\Gateway.csproj", "{BFE0BCAE-12EC-405D-8BB5-B0D95B817D0B}"
EndProject
Project("{FAE04EC0-301F-11D3-BF4B-00C04F79EFBC}") = "StudentApp", "UI\StudentApp\StudentApp.csproj", "{311F1497-DF7B-4450-8B6A-87DECD2735B3}"
EndProject
Project("{FAE04EC0-301F-11D3-BF4B-00C04F79EFBC}") = "TeacherApp", "UI\TeacherApp\TeacherApp.csproj", "{D88331E9-FABD-413F-B678-E0EC0AC08B57}"
EndProject
Project("{FAE04EC0-301F-11D3-BF4B-00C04F79EFBC}") = "AdminApp", "UI\AdminApp\AdminApp.csproj", "{4F46C020-42B9-4F4C-AA0A-DB4077425977}"
EndProject
Project("{FAE04EC0-301F-11D3-BF4B-00C04F79EFBC}") = "Payroll.Application", "APIs\Payroll\Payroll.Application\Payroll.Application.csproj", "{1A11D317-96D5-428F-B8C2-6CFB1501DC55}"
EndProject
Project("{FAE04EC0-301F-11D3-BF4B-00C04F79EFBC}") = "Payroll.API", "APIs\Payroll\Payroll.API\Payroll.API.csproj", "{4D11C588-E485-4849-B10D-515E83059479}"
EndProject
Project("{FAE04EC0-301F-11D3-BF4B-00C04F79EFBC}") = "Payment.API", "APIs\Payment\Payment.API\Payment.API.csproj", "{709FA473-B2B8-4D4C-9E92-A25E260452C2}"
EndProject
Project("{FAE04EC0-301F-11D3-BF4B-00C04F79EFBC}") = "Payment.Application", "APIs\Payment\Payment.Application\Payment.Application.csproj", "{9FF3F81A-B64B-4492-A001-FA7C728B09D4}"
EndProject
Project("{FAE04EC0-301F-11D3-BF4B-00C04F79EFBC}") = "Parent.Application", "APIs\Parent\Parent.Application\Parent.Application.csproj", "{E3D56FAF-D864-491B-BBD8-0B88A3CAE231}"
EndProject
Project("{FAE04EC0-301F-11D3-BF4B-00C04F79EFBC}") = "Parent.API", "APIs\Parent\Parent.API\Parent.API.csproj", "{EC779557-1DB7-4F77-AA03-827F95832153}"
EndProject
Project("{FAE04EC0-301F-11D3-BF4B-00C04F79EFBC}") = "Finance.API", "APIs\Finance\Finance.API\Finance.API.csproj", "{CB2B555D-881C-4BAA-B96C-BCF0CB5B5C8C}"
EndProject
Project("{FAE04EC0-301F-11D3-BF4B-00C04F79EFBC}") = "Finance.Application", "APIs\Finance\Finance.Application\Finance.Application.csproj", "{EC04D877-9584-4DCB-B0C6-ECB4CF0A339C}"
EndProject
Project("{FAE04EC0-301F-11D3-BF4B-00C04F79EFBC}") = "Course.Application", "APIs\Course\Course.Application\Course.Application.csproj", "{67CE4978-6BCB-4331-9E69-34F701C101F8}"
EndProject
Project("{FAE04EC0-301F-11D3-BF4B-00C04F79EFBC}") = "Course.API", "APIs\Course\Course.API\Course.API.csproj", "{0962646A-3B71-4EB2-B5DD-0E5C53F96361}"
EndProject
Project("{FAE04EC0-301F-11D3-BF4B-00C04F79EFBC}") = "Class.API", "APIs\Class\Class.API\Class.API.csproj", "{F97EDDD0-0552-4A83-871B-1B2BEAC949B1}"
EndProject
Project("{FAE04EC0-301F-11D3-BF4B-00C04F79EFBC}") = "Class.Application", "APIs\Class\Class.Application\Class.Application.csproj", "{A8FF323F-0E36-4FF0-AAE6-8D761EBFD1A5}"
EndProject
Project("{FAE04EC0-301F-11D3-BF4B-00C04F79EFBC}") = "Agenda.Application", "APIs\Agenda\Agenda.Application\Agenda.Application.csproj", "{C85C1498-28ED-4743-8B62-9B25BF20AC58}"
EndProject
Project("{FAE04EC0-301F-11D3-BF4B-00C04F79EFBC}") = "Agenda.API", "APIs\Agenda\Agenda.API\Agenda.API.csproj", "{5A1869C1-1549-48F3-887E-B5E0C8E5F1F0}"
EndProject
Project("{FAE04EC0-301F-11D3-BF4B-00C04F79EFBC}") = "Configuration", "Architecture\Configuration\Configuration.csproj", "{D859A7A2-8A4F-4078-8F33-4A2D7BDD40D3}"
EndProject
Global
	GlobalSection(SolutionConfigurationPlatforms) = preSolution
		Debug|Any CPU = Debug|Any CPU
		Release|Any CPU = Release|Any CPU
	EndGlobalSection
	GlobalSection(NestedProjects) = preSolution
		{7CFA2A43-9FC1-4D8F-9B90-F2936967A518} = {B74415FF-6A9E-405A-A856-F0C45CE7B17C}
		{B3CC2FB1-5514-44E7-A196-DC0444DC6D35} = {B74415FF-6A9E-405A-A856-F0C45CE7B17C}
		{B8BFDC9D-6B33-4362-80C0-67ABEFEF2B5E} = {B74415FF-6A9E-405A-A856-F0C45CE7B17C}
		{97AF1340-FE46-4E8F-91CE-2232CB1A6F05} = {B74415FF-6A9E-405A-A856-F0C45CE7B17C}
		{5A4EBF55-206F-4BD8-B5E8-62A3DEA5DE77} = {B74415FF-6A9E-405A-A856-F0C45CE7B17C}
		{875F19CB-AF41-4057-8D28-2632AFF75ECD} = {B74415FF-6A9E-405A-A856-F0C45CE7B17C}
		{D394132E-CA05-4A41-BB93-553ED28FE830} = {B74415FF-6A9E-405A-A856-F0C45CE7B17C}
		{EB6215A6-66AB-46F8-9D64-BF0EFB9623A7} = {B74415FF-6A9E-405A-A856-F0C45CE7B17C}
		{2E5B0535-B535-4376-8241-4F5F4952C92E} = {B74415FF-6A9E-405A-A856-F0C45CE7B17C}
		{73791014-91FE-4026-B3B0-A19D0C41FFD1} = {7CFA2A43-9FC1-4D8F-9B90-F2936967A518}
		{3A44F70D-B240-42CD-8457-F1126EDFF5A9} = {7CFA2A43-9FC1-4D8F-9B90-F2936967A518}
		{C96A590F-95E4-4321-BDDF-68AED519086F} = {B74415FF-6A9E-405A-A856-F0C45CE7B17C}
		{84E0D3C1-20E5-413F-BDD7-E929681F633C} = {B3CC2FB1-5514-44E7-A196-DC0444DC6D35}
		{6C731FAF-0960-4670-B99A-8545EF78F1CD} = {B3CC2FB1-5514-44E7-A196-DC0444DC6D35}
		{9FDC32D1-52D6-4F28-A99B-66F5A7D23499} = {D394132E-CA05-4A41-BB93-553ED28FE830}
		{8A14D95E-49C4-4716-99A4-F3041FA17540} = {D394132E-CA05-4A41-BB93-553ED28FE830}
		{BFE0BCAE-12EC-405D-8BB5-B0D95B817D0B} = {F266EFB6-E379-45DD-97E8-6E3EDF5319BD}
		{311F1497-DF7B-4450-8B6A-87DECD2735B3} = {70F804AD-CDCC-4B94-A97D-3F676EE93F29}
		{D88331E9-FABD-413F-B678-E0EC0AC08B57} = {70F804AD-CDCC-4B94-A97D-3F676EE93F29}
		{4F46C020-42B9-4F4C-AA0A-DB4077425977} = {70F804AD-CDCC-4B94-A97D-3F676EE93F29}
		{1A11D317-96D5-428F-B8C2-6CFB1501DC55} = {5A4EBF55-206F-4BD8-B5E8-62A3DEA5DE77}
		{4D11C588-E485-4849-B10D-515E83059479} = {5A4EBF55-206F-4BD8-B5E8-62A3DEA5DE77}
		{709FA473-B2B8-4D4C-9E92-A25E260452C2} = {C96A590F-95E4-4321-BDDF-68AED519086F}
		{9FF3F81A-B64B-4492-A001-FA7C728B09D4} = {C96A590F-95E4-4321-BDDF-68AED519086F}
		{E3D56FAF-D864-491B-BBD8-0B88A3CAE231} = {B8BFDC9D-6B33-4362-80C0-67ABEFEF2B5E}
		{EC779557-1DB7-4F77-AA03-827F95832153} = {B8BFDC9D-6B33-4362-80C0-67ABEFEF2B5E}
		{CB2B555D-881C-4BAA-B96C-BCF0CB5B5C8C} = {875F19CB-AF41-4057-8D28-2632AFF75ECD}
		{EC04D877-9584-4DCB-B0C6-ECB4CF0A339C} = {875F19CB-AF41-4057-8D28-2632AFF75ECD}
		{67CE4978-6BCB-4331-9E69-34F701C101F8} = {97AF1340-FE46-4E8F-91CE-2232CB1A6F05}
		{0962646A-3B71-4EB2-B5DD-0E5C53F96361} = {97AF1340-FE46-4E8F-91CE-2232CB1A6F05}
		{F97EDDD0-0552-4A83-871B-1B2BEAC949B1} = {EB6215A6-66AB-46F8-9D64-BF0EFB9623A7}
		{A8FF323F-0E36-4FF0-AAE6-8D761EBFD1A5} = {EB6215A6-66AB-46F8-9D64-BF0EFB9623A7}
		{C85C1498-28ED-4743-8B62-9B25BF20AC58} = {2E5B0535-B535-4376-8241-4F5F4952C92E}
		{5A1869C1-1549-48F3-887E-B5E0C8E5F1F0} = {2E5B0535-B535-4376-8241-4F5F4952C92E}
		{D859A7A2-8A4F-4078-8F33-4A2D7BDD40D3} = {F266EFB6-E379-45DD-97E8-6E3EDF5319BD}
	EndGlobalSection
	GlobalSection(ProjectConfigurationPlatforms) = postSolution
		{73791014-91FE-4026-B3B0-A19D0C41FFD1}.Debug|Any CPU.ActiveCfg = Debug|Any CPU
		{73791014-91FE-4026-B3B0-A19D0C41FFD1}.Debug|Any CPU.Build.0 = Debug|Any CPU
		{73791014-91FE-4026-B3B0-A19D0C41FFD1}.Release|Any CPU.ActiveCfg = Release|Any CPU
		{73791014-91FE-4026-B3B0-A19D0C41FFD1}.Release|Any CPU.Build.0 = Release|Any CPU
		{3A44F70D-B240-42CD-8457-F1126EDFF5A9}.Debug|Any CPU.ActiveCfg = Debug|Any CPU
		{3A44F70D-B240-42CD-8457-F1126EDFF5A9}.Debug|Any CPU.Build.0 = Debug|Any CPU
		{3A44F70D-B240-42CD-8457-F1126EDFF5A9}.Release|Any CPU.ActiveCfg = Release|Any CPU
		{3A44F70D-B240-42CD-8457-F1126EDFF5A9}.Release|Any CPU.Build.0 = Release|Any CPU
		{84E0D3C1-20E5-413F-BDD7-E929681F633C}.Debug|Any CPU.ActiveCfg = Debug|Any CPU
		{84E0D3C1-20E5-413F-BDD7-E929681F633C}.Debug|Any CPU.Build.0 = Debug|Any CPU
		{84E0D3C1-20E5-413F-BDD7-E929681F633C}.Release|Any CPU.ActiveCfg = Release|Any CPU
		{84E0D3C1-20E5-413F-BDD7-E929681F633C}.Release|Any CPU.Build.0 = Release|Any CPU
		{6C731FAF-0960-4670-B99A-8545EF78F1CD}.Debug|Any CPU.ActiveCfg = Debug|Any CPU
		{6C731FAF-0960-4670-B99A-8545EF78F1CD}.Debug|Any CPU.Build.0 = Debug|Any CPU
		{6C731FAF-0960-4670-B99A-8545EF78F1CD}.Release|Any CPU.ActiveCfg = Release|Any CPU
		{6C731FAF-0960-4670-B99A-8545EF78F1CD}.Release|Any CPU.Build.0 = Release|Any CPU
		{9FDC32D1-52D6-4F28-A99B-66F5A7D23499}.Debug|Any CPU.ActiveCfg = Debug|Any CPU
		{9FDC32D1-52D6-4F28-A99B-66F5A7D23499}.Debug|Any CPU.Build.0 = Debug|Any CPU
		{9FDC32D1-52D6-4F28-A99B-66F5A7D23499}.Release|Any CPU.ActiveCfg = Release|Any CPU
		{9FDC32D1-52D6-4F28-A99B-66F5A7D23499}.Release|Any CPU.Build.0 = Release|Any CPU
		{8A14D95E-49C4-4716-99A4-F3041FA17540}.Debug|Any CPU.ActiveCfg = Debug|Any CPU
		{8A14D95E-49C4-4716-99A4-F3041FA17540}.Debug|Any CPU.Build.0 = Debug|Any CPU
		{8A14D95E-49C4-4716-99A4-F3041FA17540}.Release|Any CPU.ActiveCfg = Release|Any CPU
		{8A14D95E-49C4-4716-99A4-F3041FA17540}.Release|Any CPU.Build.0 = Release|Any CPU
		{BFE0BCAE-12EC-405D-8BB5-B0D95B817D0B}.Debug|Any CPU.ActiveCfg = Debug|Any CPU
		{BFE0BCAE-12EC-405D-8BB5-B0D95B817D0B}.Debug|Any CPU.Build.0 = Debug|Any CPU
		{BFE0BCAE-12EC-405D-8BB5-B0D95B817D0B}.Release|Any CPU.ActiveCfg = Release|Any CPU
		{BFE0BCAE-12EC-405D-8BB5-B0D95B817D0B}.Release|Any CPU.Build.0 = Release|Any CPU
		{311F1497-DF7B-4450-8B6A-87DECD2735B3}.Debug|Any CPU.ActiveCfg = Debug|Any CPU
		{311F1497-DF7B-4450-8B6A-87DECD2735B3}.Debug|Any CPU.Build.0 = Debug|Any CPU
		{311F1497-DF7B-4450-8B6A-87DECD2735B3}.Release|Any CPU.ActiveCfg = Release|Any CPU
		{311F1497-DF7B-4450-8B6A-87DECD2735B3}.Release|Any CPU.Build.0 = Release|Any CPU
		{D88331E9-FABD-413F-B678-E0EC0AC08B57}.Debug|Any CPU.ActiveCfg = Debug|Any CPU
		{D88331E9-FABD-413F-B678-E0EC0AC08B57}.Debug|Any CPU.Build.0 = Debug|Any CPU
		{D88331E9-FABD-413F-B678-E0EC0AC08B57}.Release|Any CPU.ActiveCfg = Release|Any CPU
		{D88331E9-FABD-413F-B678-E0EC0AC08B57}.Release|Any CPU.Build.0 = Release|Any CPU
		{4F46C020-42B9-4F4C-AA0A-DB4077425977}.Debug|Any CPU.ActiveCfg = Debug|Any CPU
		{4F46C020-42B9-4F4C-AA0A-DB4077425977}.Debug|Any CPU.Build.0 = Debug|Any CPU
		{4F46C020-42B9-4F4C-AA0A-DB4077425977}.Release|Any CPU.ActiveCfg = Release|Any CPU
		{4F46C020-42B9-4F4C-AA0A-DB4077425977}.Release|Any CPU.Build.0 = Release|Any CPU
		{1A11D317-96D5-428F-B8C2-6CFB1501DC55}.Debug|Any CPU.ActiveCfg = Debug|Any CPU
		{1A11D317-96D5-428F-B8C2-6CFB1501DC55}.Debug|Any CPU.Build.0 = Debug|Any CPU
		{1A11D317-96D5-428F-B8C2-6CFB1501DC55}.Release|Any CPU.ActiveCfg = Release|Any CPU
		{1A11D317-96D5-428F-B8C2-6CFB1501DC55}.Release|Any CPU.Build.0 = Release|Any CPU
		{4D11C588-E485-4849-B10D-515E83059479}.Debug|Any CPU.ActiveCfg = Debug|Any CPU
		{4D11C588-E485-4849-B10D-515E83059479}.Debug|Any CPU.Build.0 = Debug|Any CPU
		{4D11C588-E485-4849-B10D-515E83059479}.Release|Any CPU.ActiveCfg = Release|Any CPU
		{4D11C588-E485-4849-B10D-515E83059479}.Release|Any CPU.Build.0 = Release|Any CPU
		{709FA473-B2B8-4D4C-9E92-A25E260452C2}.Debug|Any CPU.ActiveCfg = Debug|Any CPU
		{709FA473-B2B8-4D4C-9E92-A25E260452C2}.Debug|Any CPU.Build.0 = Debug|Any CPU
		{709FA473-B2B8-4D4C-9E92-A25E260452C2}.Release|Any CPU.ActiveCfg = Release|Any CPU
		{709FA473-B2B8-4D4C-9E92-A25E260452C2}.Release|Any CPU.Build.0 = Release|Any CPU
		{9FF3F81A-B64B-4492-A001-FA7C728B09D4}.Debug|Any CPU.ActiveCfg = Debug|Any CPU
		{9FF3F81A-B64B-4492-A001-FA7C728B09D4}.Debug|Any CPU.Build.0 = Debug|Any CPU
		{9FF3F81A-B64B-4492-A001-FA7C728B09D4}.Release|Any CPU.ActiveCfg = Release|Any CPU
		{9FF3F81A-B64B-4492-A001-FA7C728B09D4}.Release|Any CPU.Build.0 = Release|Any CPU
		{E3D56FAF-D864-491B-BBD8-0B88A3CAE231}.Debug|Any CPU.ActiveCfg = Debug|Any CPU
		{E3D56FAF-D864-491B-BBD8-0B88A3CAE231}.Debug|Any CPU.Build.0 = Debug|Any CPU
		{E3D56FAF-D864-491B-BBD8-0B88A3CAE231}.Release|Any CPU.ActiveCfg = Release|Any CPU
		{E3D56FAF-D864-491B-BBD8-0B88A3CAE231}.Release|Any CPU.Build.0 = Release|Any CPU
		{EC779557-1DB7-4F77-AA03-827F95832153}.Debug|Any CPU.ActiveCfg = Debug|Any CPU
		{EC779557-1DB7-4F77-AA03-827F95832153}.Debug|Any CPU.Build.0 = Debug|Any CPU
		{EC779557-1DB7-4F77-AA03-827F95832153}.Release|Any CPU.ActiveCfg = Release|Any CPU
		{EC779557-1DB7-4F77-AA03-827F95832153}.Release|Any CPU.Build.0 = Release|Any CPU
		{CB2B555D-881C-4BAA-B96C-BCF0CB5B5C8C}.Debug|Any CPU.ActiveCfg = Debug|Any CPU
		{CB2B555D-881C-4BAA-B96C-BCF0CB5B5C8C}.Debug|Any CPU.Build.0 = Debug|Any CPU
		{CB2B555D-881C-4BAA-B96C-BCF0CB5B5C8C}.Release|Any CPU.ActiveCfg = Release|Any CPU
		{CB2B555D-881C-4BAA-B96C-BCF0CB5B5C8C}.Release|Any CPU.Build.0 = Release|Any CPU
		{EC04D877-9584-4DCB-B0C6-ECB4CF0A339C}.Debug|Any CPU.ActiveCfg = Debug|Any CPU
		{EC04D877-9584-4DCB-B0C6-ECB4CF0A339C}.Debug|Any CPU.Build.0 = Debug|Any CPU
		{EC04D877-9584-4DCB-B0C6-ECB4CF0A339C}.Release|Any CPU.ActiveCfg = Release|Any CPU
		{EC04D877-9584-4DCB-B0C6-ECB4CF0A339C}.Release|Any CPU.Build.0 = Release|Any CPU
		{67CE4978-6BCB-4331-9E69-34F701C101F8}.Debug|Any CPU.ActiveCfg = Debug|Any CPU
		{67CE4978-6BCB-4331-9E69-34F701C101F8}.Debug|Any CPU.Build.0 = Debug|Any CPU
		{67CE4978-6BCB-4331-9E69-34F701C101F8}.Release|Any CPU.ActiveCfg = Release|Any CPU
		{67CE4978-6BCB-4331-9E69-34F701C101F8}.Release|Any CPU.Build.0 = Release|Any CPU
		{0962646A-3B71-4EB2-B5DD-0E5C53F96361}.Debug|Any CPU.ActiveCfg = Debug|Any CPU
		{0962646A-3B71-4EB2-B5DD-0E5C53F96361}.Debug|Any CPU.Build.0 = Debug|Any CPU
		{0962646A-3B71-4EB2-B5DD-0E5C53F96361}.Release|Any CPU.ActiveCfg = Release|Any CPU
		{0962646A-3B71-4EB2-B5DD-0E5C53F96361}.Release|Any CPU.Build.0 = Release|Any CPU
		{F97EDDD0-0552-4A83-871B-1B2BEAC949B1}.Debug|Any CPU.ActiveCfg = Debug|Any CPU
		{F97EDDD0-0552-4A83-871B-1B2BEAC949B1}.Debug|Any CPU.Build.0 = Debug|Any CPU
		{F97EDDD0-0552-4A83-871B-1B2BEAC949B1}.Release|Any CPU.ActiveCfg = Release|Any CPU
		{F97EDDD0-0552-4A83-871B-1B2BEAC949B1}.Release|Any CPU.Build.0 = Release|Any CPU
		{A8FF323F-0E36-4FF0-AAE6-8D761EBFD1A5}.Debug|Any CPU.ActiveCfg = Debug|Any CPU
		{A8FF323F-0E36-4FF0-AAE6-8D761EBFD1A5}.Debug|Any CPU.Build.0 = Debug|Any CPU
		{A8FF323F-0E36-4FF0-AAE6-8D761EBFD1A5}.Release|Any CPU.ActiveCfg = Release|Any CPU
		{A8FF323F-0E36-4FF0-AAE6-8D761EBFD1A5}.Release|Any CPU.Build.0 = Release|Any CPU
		{C85C1498-28ED-4743-8B62-9B25BF20AC58}.Debug|Any CPU.ActiveCfg = Debug|Any CPU
		{C85C1498-28ED-4743-8B62-9B25BF20AC58}.Debug|Any CPU.Build.0 = Debug|Any CPU
		{C85C1498-28ED-4743-8B62-9B25BF20AC58}.Release|Any CPU.ActiveCfg = Release|Any CPU
		{C85C1498-28ED-4743-8B62-9B25BF20AC58}.Release|Any CPU.Build.0 = Release|Any CPU
		{5A1869C1-1549-48F3-887E-B5E0C8E5F1F0}.Debug|Any CPU.ActiveCfg = Debug|Any CPU
		{5A1869C1-1549-48F3-887E-B5E0C8E5F1F0}.Debug|Any CPU.Build.0 = Debug|Any CPU
		{5A1869C1-1549-48F3-887E-B5E0C8E5F1F0}.Release|Any CPU.ActiveCfg = Release|Any CPU
		{5A1869C1-1549-48F3-887E-B5E0C8E5F1F0}.Release|Any CPU.Build.0 = Release|Any CPU
		{D859A7A2-8A4F-4078-8F33-4A2D7BDD40D3}.Debug|Any CPU.ActiveCfg = Debug|Any CPU
		{D859A7A2-8A4F-4078-8F33-4A2D7BDD40D3}.Debug|Any CPU.Build.0 = Debug|Any CPU
		{D859A7A2-8A4F-4078-8F33-4A2D7BDD40D3}.Release|Any CPU.ActiveCfg = Release|Any CPU
		{D859A7A2-8A4F-4078-8F33-4A2D7BDD40D3}.Release|Any CPU.Build.0 = Release|Any CPU
	EndGlobalSection
EndGlobal
